{
  "name": "yomoujs",
  "version": "0.0.1",
  "lockfileVersion": 1,
  "requires": true,
  "dependencies": {
    "ky": {
      "version": "0.11.1",
      "resolved": "https://registry.npmjs.org/ky/-/ky-0.11.1.tgz",
      "integrity": "sha512-ppp6nrKXRTCMVsWP0sDDdLJXXNnH+5defcpQNiNE712/KpdGwG87290ldFAGsx4CAI/F2eVg3Exql0Oo/eGU5A=="
    },
    "typescript": {
      "version": "3.5.2",
      "resolved": "https://registry.npmjs.org/typescript/-/typescript-3.5.2.tgz",
      "integrity": "sha512-7KxJovlYhTX5RaRbUdkAXN1KUZ8PwWlTzQdHV6xNqvuFOs7+WBo10TQUqT19Q/Jz2hk5v9TQDIhyLhhJY4p5AA==",
      "dev": true
    }
  }
}
